
Microsoft Visual Studio Solution File, Format Version 12.00
# Visual Studio Version 17
VisualStudioVersion = 17.9.34622.214
MinimumVisualStudioVersion = 10.0.40219.1
Project("{FAE04EC0-301F-11D3-BF4B-00C04F79EFBC}") = "WebApplication1", "WebApplication1\WebApplication1.csproj", "{4B2BFE41-4316-40A5-B69F-9D4477D8CC36}"
EndProject
Project("{FAE04EC0-301F-11D3-BF4B-00C04F79EFBC}") = "TestProject1", "TestProject1\TestProject1.csproj", "{C8FF15F2-2EEE-442C-9F0D-4BB961CE8A61}"
EndProject
Global
	GlobalSection(SolutionConfigurationPlatforms) = preSolution
		Debug|Any CPU = Debug|Any CPU
		Release|Any CPU = Release|Any CPU
	EndGlobalSection
	GlobalSection(ProjectConfigurationPlatforms) = postSolution
		{4B2BFE41-4316-40A5-B69F-9D4477D8CC36}.Debug|Any CPU.ActiveCfg = Debug|Any CPU
		{4B2BFE41-4316-40A5-B69F-9D4477D8CC36}.Debug|Any CPU.Build.0 = Debug|Any CPU
		{4B2BFE41-4316-40A5-B69F-9D4477D8CC36}.Release|Any CPU.ActiveCfg = Release|Any CPU
		{4B2BFE41-4316-40A5-B69F-9D4477D8CC36}.Release|Any CPU.Build.0 = Release|Any CPU
		{C8FF15F2-2EEE-442C-9F0D-4BB961CE8A61}.Debug|Any CPU.ActiveCfg = Debug|Any CPU
		{C8FF15F2-2EEE-442C-9F0D-4BB961CE8A61}.Debug|Any CPU.Build.0 = Debug|Any CPU
		{C8FF15F2-2EEE-442C-9F0D-4BB961CE8A61}.Release|Any CPU.ActiveCfg = Release|Any CPU
		{C8FF15F2-2EEE-442C-9F0D-4BB961CE8A61}.Release|Any CPU.Build.0 = Release|Any CPU
	EndGlobalSection
	GlobalSection(SolutionProperties) = preSolution
		HideSolutionNode = FALSE
	EndGlobalSection
	GlobalSection(ExtensibilityGlobals) = postSolution
		SolutionGuid = {678F5550-7F50-4BFF-9F99-6F8B2D7C1504}
	EndGlobalSection
EndGlobal
